// !$*UTF8*$!
{
	archiveVersion = 1;
	classes = {
	};
	objectVersion = 50;
	objects = {

/* Begin PBXBuildFile section */
		29888B9D23EC877D00CCC99D /* AppDelegate.swift in Sources */ = {isa = PBXBuildFile; fileRef = 29888B9C23EC877D00CCC99D /* AppDelegate.swift */; };
		29888B9F23EC877D00CCC99D /* SceneDelegate.swift in Sources */ = {isa = PBXBuildFile; fileRef = 29888B9E23EC877D00CCC99D /* SceneDelegate.swift */; };
		29888BA123EC877D00CCC99D /* ViewController.swift in Sources */ = {isa = PBXBuildFile; fileRef = 29888BA023EC877D00CCC99D /* ViewController.swift */; };
		29888BA623EC877F00CCC99D /* Assets.xcassets in Resources */ = {isa = PBXBuildFile; fileRef = 29888BA523EC877F00CCC99D /* Assets.xcassets */; };
		29888BB323F3225B00CCC99D /* LoginView.swift in Sources */ = {isa = PBXBuildFile; fileRef = 29888BB223F3225B00CCC99D /* LoginView.swift */; };
		29888BB523F322C500CCC99D /* ContentView.swift in Sources */ = {isa = PBXBuildFile; fileRef = 29888BB423F322C500CCC99D /* ContentView.swift */; };
		29888BFE2408487600CCC99D /* CircleImage.swift in Sources */ = {isa = PBXBuildFile; fileRef = 29888BFC2408487600CCC99D /* CircleImage.swift */; };
		29888BFF2408487600CCC99D /* MapView.swift in Sources */ = {isa = PBXBuildFile; fileRef = 29888BFD2408487600CCC99D /* MapView.swift */; };
		29888C3F240CE5B200CCC99D /* SigninView.swift in Sources */ = {isa = PBXBuildFile; fileRef = 29888C3D240CE5B200CCC99D /* SigninView.swift */; };
		29888C40240CE5B200CCC99D /* SigninView.xib in Resources */ = {isa = PBXBuildFile; fileRef = 29888C3E240CE5B200CCC99D /* SigninView.xib */; };
/* End PBXBuildFile section */

/* Begin PBXFileReference section */
		29888B9923EC877D00CCC99D /* onboardingProject.app */ = {isa = PBXFileReference; explicitFileType = wrapper.application; includeInIndex = 0; path = onboardingProject.app; sourceTree = BUILT_PRODUCTS_DIR; };
		29888B9C23EC877D00CCC99D /* AppDelegate.swift */ = {isa = PBXFileReference; lastKnownFileType = sourcecode.swift; path = AppDelegate.swift; sourceTree = "<group>"; };
		29888B9E23EC877D00CCC99D /* SceneDelegate.swift */ = {isa = PBXFileReference; lastKnownFileType = sourcecode.swift; path = SceneDelegate.swift; sourceTree = "<group>"; };
		29888BA023EC877D00CCC99D /* ViewController.swift */ = {isa = PBXFileReference; lastKnownFileType = sourcecode.swift; path = ViewController.swift; sourceTree = "<group>"; };
		29888BA523EC877F00CCC99D /* Assets.xcassets */ = {isa = PBXFileReference; lastKnownFileType = folder.assetcatalog; path = Assets.xcassets; sourceTree = "<group>"; };
		29888BAA23EC877F00CCC99D /* Info.plist */ = {isa = PBXFileReference; lastKnownFileType = text.plist.xml; path = Info.plist; sourceTree = "<group>"; };
		29888BB223F3225B00CCC99D /* LoginView.swift */ = {isa = PBXFileReference; lastKnownFileType = sourcecode.swift; path = LoginView.swift; sourceTree = "<group>"; };
		29888BB423F322C500CCC99D /* ContentView.swift */ = {isa = PBXFileReference; lastKnownFileType = sourcecode.swift; path = ContentView.swift; sourceTree = "<group>"; };
		29888BFC2408487600CCC99D /* CircleImage.swift */ = {isa = PBXFileReference; fileEncoding = 4; lastKnownFileType = sourcecode.swift; path = CircleImage.swift; sourceTree = "<group>"; };
		29888BFD2408487600CCC99D /* MapView.swift */ = {isa = PBXFileReference; fileEncoding = 4; lastKnownFileType = sourcecode.swift; path = MapView.swift; sourceTree = "<group>"; };
		29888C3D240CE5B200CCC99D /* SigninView.swift */ = {isa = PBXFileReference; lastKnownFileType = sourcecode.swift; path = SigninView.swift; sourceTree = "<group>"; };
		29888C3E240CE5B200CCC99D /* SigninView.xib */ = {isa = PBXFileReference; lastKnownFileType = file.xib; path = SigninView.xib; sourceTree = "<group>"; };
/* End PBXFileReference section */

/* Begin PBXFrameworksBuildPhase section */
		29888B9623EC877D00CCC99D /* Frameworks */ = {
			isa = PBXFrameworksBuildPhase;
			buildActionMask = 2147483647;
			files = (
			);
			runOnlyForDeploymentPostprocessing = 0;
		};
/* End PBXFrameworksBuildPhase section */

/* Begin PBXGroup section */
		29888B9023EC877D00CCC99D = {
			isa = PBXGroup;
			children = (
				29888B9B23EC877D00CCC99D /* onboardingProject */,
				29888B9A23EC877D00CCC99D /* Products */,
			);
			sourceTree = "<group>";
		};
		29888B9A23EC877D00CCC99D /* Products */ = {
			isa = PBXGroup;
			children = (
				29888B9923EC877D00CCC99D /* onboardingProject.app */,
			);
			name = Products;
			sourceTree = "<group>";
		};
		29888B9B23EC877D00CCC99D /* onboardingProject */ = {
			isa = PBXGroup;
			children = (
				29888C41240CE5BE00CCC99D /* Views */,
				29888B9C23EC877D00CCC99D /* AppDelegate.swift */,
				29888B9E23EC877D00CCC99D /* SceneDelegate.swift */,
				29888BA023EC877D00CCC99D /* ViewController.swift */,
				29888BA523EC877F00CCC99D /* Assets.xcassets */,
				29888BAA23EC877F00CCC99D /* Info.plist */,
				29888BFC2408487600CCC99D /* CircleImage.swift */,
				29888BFD2408487600CCC99D /* MapView.swift */,
				29888BB223F3225B00CCC99D /* LoginView.swift */,
				29888BB423F322C500CCC99D /* ContentView.swift */,
			);
			path = onboardingProject;
			sourceTree = "<group>";
		};
		29888C41240CE5BE00CCC99D /* Views */ = {
			isa = PBXGroup;
			children = (
				29888C3D240CE5B200CCC99D /* SigninView.swift */,
				29888C3E240CE5B200CCC99D /* SigninView.xib */,
			);
			path = Views;
			sourceTree = "<group>";
		};
/* End PBXGroup section */

/* Begin PBXNativeTarget section */
		29888B9823EC877D00CCC99D /* onboardingProject */ = {
			isa = PBXNativeTarget;
			buildConfigurationList = 29888BAD23EC877F00CCC99D /* Build configuration list for PBXNativeTarget "onboardingProject" */;
			buildPhases = (
				29888B9523EC877D00CCC99D /* Sources */,
				29888B9623EC877D00CCC99D /* Frameworks */,
				29888B9723EC877D00CCC99D /* Resources */,
			);
			buildRules = (
			);
			dependencies = (
			);
			name = onboardingProject;
			productName = onboardingProject;
			productReference = 29888B9923EC877D00CCC99D /* onboardingProject.app */;
			productType = "com.apple.product-type.application";
		};
/* End PBXNativeTarget section */

/* Begin PBXProject section */
		29888B9123EC877D00CCC99D /* Project object */ = {
			isa = PBXProject;
			attributes = {
				LastSwiftUpdateCheck = 1130;
				LastUpgradeCheck = 1130;
				ORGANIZATIONNAME = "Angelina Olmedo";
				TargetAttributes = {
					29888B9823EC877D00CCC99D = {
						CreatedOnToolsVersion = 11.3.1;
					};
				};
			};
			buildConfigurationList = 29888B9423EC877D00CCC99D /* Build configuration list for PBXProject "onboardingProject" */;
			compatibilityVersion = "Xcode 9.3";
			developmentRegion = en;
			hasScannedForEncodings = 0;
			knownRegions = (
				en,
				Base,
			);
			mainGroup = 29888B9023EC877D00CCC99D;
			productRefGroup = 29888B9A23EC877D00CCC99D /* Products */;
			projectDirPath = "";
			projectRoot = "";
			targets = (
				29888B9823EC877D00CCC99D /* onboardingProject */,
			);
		};
/* End PBXProject section */

/* Begin PBXResourcesBuildPhase section */
		29888B9723EC877D00CCC99D /* Resources */ = {
			isa = PBXResourcesBuildPhase;
			buildActionMask = 2147483647;
			files = (
				29888C40240CE5B200CCC99D /* SigninView.xib in Resources */,
				29888BA623EC877F00CCC99D /* Assets.xcassets in Resources */,
			);
			runOnlyForDeploymentPostprocessing = 0;
		};
/* End PBXResourcesBuildPhase section */

/* Begin PBXSourcesBuildPhase section */
		29888B9523EC877D00CCC99D /* Sources */ = {
			isa = PBXSourcesBuildPhase;
			buildActionMask = 2147483647;
			files = (
				29888BFF2408487600CCC99D /* MapView.swift in Sources */,
				29888BA123EC877D00CCC99D /* ViewController.swift in Sources */,
				29888BB523F322C500CCC99D /* ContentView.swift in Sources */,
				29888B9D23EC877D00CCC99D /* AppDelegate.swift in Sources */,
				29888BB323F3225B00CCC99D /* LoginView.swift in Sources */,
				29888B9F23EC877D00CCC99D /* SceneDelegate.swift in Sources */,
				29888C3F240CE5B200CCC99D /* SigninView.swift in Sources */,
				29888BFE2408487600CCC99D /* CircleImage.swift in Sources */,
			);
			runOnlyForDeploymentPostprocessing = 0;
		};
/* End PBXSourcesBuildPhase section */

/* Begin XCBuildConfiguration section */
		29888BAB23EC877F00CCC99D /* Debug */ = {
			isa = XCBuildConfiguration;
			buildSettings = {
				ALWAYS_SEARCH_USER_PATHS = NO;
				CLANG_ANALYZER_NONNULL = YES;
				CLANG_ANALYZER_NUMBER_OBJECT_CONVERSION = YES_AGGRESSIVE;
				CLANG_CXX_LANGUAGE_STANDARD = "gnu++14";
				CLANG_CXX_LIBRARY = "libc++";
				CLANG_ENABLE_MODULES = YES;
				CLANG_ENABLE_OBJC_ARC = YES;
				CLANG_ENABLE_OBJC_WEAK = YES;
				CLANG_WARN_BLOCK_CAPTURE_AUTORELEASING = YES;
				CLANG_WARN_BOOL_CONVERSION = YES;
				CLANG_WARN_COMMA = YES;
				CLANG_WARN_CONSTANT_CONVERSION = YES;
				CLANG_WARN_DEPRECATED_OBJC_IMPLEMENTATIONS = YES;
				CLANG_WARN_DIRECT_OBJC_ISA_USAGE = YES_ERROR;
				CLANG_WARN_DOCUMENTATION_COMMENTS = YES;
				CLANG_WARN_EMPTY_BODY = YES;
				CLANG_WARN_ENUM_CONVERSION = YES;
				CLANG_WARN_INFINITE_RECURSION = YES;
				CLANG_WARN_INT_CONVERSION = YES;
				CLANG_WARN_NON_LITERAL_NULL_CONVERSION = YES;
				CLANG_WARN_OBJC_IMPLICIT_RETAIN_SELF = YES;
				CLANG_WARN_OBJC_LITERAL_CONVERSION = YES;
				CLANG_WARN_OBJC_ROOT_CLASS = YES_ERROR;
				CLANG_WARN_RANGE_LOOP_ANALYSIS = YES;
				CLANG_WARN_STRICT_PROTOTYPES = YES;
				CLANG_WARN_SUSPICIOUS_MOVE = YES;
				CLANG_WARN_UNGUARDED_AVAILABILITY = YES_AGGRESSIVE;
				CLANG_WARN_UNREACHABLE_CODE = YES;
				CLANG_WARN__DUPLICATE_METHOD_MATCH = YES;
				COPY_PHASE_STRIP = NO;
				DEBUG_INFORMATION_FORMAT = dwarf;
				ENABLE_STRICT_OBJC_MSGSEND = YES;
				ENABLE_TESTABILITY = YES;
				GCC_C_LANGUAGE_STANDARD = gnu11;
				GCC_DYNAMIC_NO_PIC = NO;
				GCC_NO_COMMON_BLOCKS = YES;
				GCC_OPTIMIZATION_LEVEL = 0;
				GCC_PREPROCESSOR_DEFINITIONS = (
					"DEBUG=1",
					"$(inherited)",
				);
				GCC_WARN_64_TO_32_BIT_CONVERSION = YES;
				GCC_WARN_ABOUT_RETURN_TYPE = YES_ERROR;
				GCC_WARN_UNDECLARED_SELECTOR = YES;
				GCC_WARN_UNINITIALIZED_AUTOS = YES_AGGRESSIVE;
				GCC_WARN_UNUSED_FUNCTION = YES;
				GCC_WARN_UNUSED_VARIABLE = YES;
				IPHONEOS_DEPLOYMENT_TARGET = 13.2;
				MTL_ENABLE_DEBUG_INFO = INCLUDE_SOURCE;
				MTL_FAST_MATH = YES;
				ONLY_ACTIVE_ARCH = YES;
				SDKROOT = iphoneos;
				SWIFT_ACTIVE_COMPILATION_CONDITIONS = DEBUG;
				SWIFT_OPTIMIZATION_LEVEL = "-Onone";
			};
			name = Debug;
		};
		29888BAC23EC877F00CCC99D /* Release */ = {
			isa = XCBuildConfiguration;
			buildSettings = {
				ALWAYS_SEARCH_USER_PATHS = NO;
				CLANG_ANALYZER_NONNULL = YES;
				CLANG_ANALYZER_NUMBER_OBJECT_CONVERSION = YES_AGGRESSIVE;
				CLANG_CXX_LANGUAGE_STANDARD = "gnu++14";
				CLANG_CXX_LIBRARY = "libc++";
				CLANG_ENABLE_MODULES = YES;
				CLANG_ENABLE_OBJC_ARC = YES;
				CLANG_ENABLE_OBJC_WEAK = YES;
				CLANG_WARN_BLOCK_CAPTURE_AUTORELEASING = YES;
				CLANG_WARN_BOOL_CONVERSION = YES;
				CLANG_WARN_COMMA = YES;
				CLANG_WARN_CONSTANT_CONVERSION = YES;
				CLANG_WARN_DEPRECATED_OBJC_IMPLEMENTATIONS = YES;
				CLANG_WARN_DIRECT_OBJC_ISA_USAGE = YES_ERROR;
				CLANG_WARN_DOCUMENTATION_COMMENTS = YES;
				CLANG_WARN_EMPTY_BODY = YES;
				CLANG_WARN_ENUM_CONVERSION = YES;
				CLANG_WARN_INFINITE_RECURSION = YES;
				CLANG_WARN_INT_CONVERSION = YES;
				CLANG_WARN_NON_LITERAL_NULL_CONVERSION = YES;
				CLANG_WARN_OBJC_IMPLICIT_RETAIN_SELF = YES;
				CLANG_WARN_OBJC_LITERAL_CONVERSION = YES;
				CLANG_WARN_OBJC_ROOT_CLASS = YES_ERROR;
				CLANG_WARN_RANGE_LOOP_ANALYSIS = YES;
				CLANG_WARN_STRICT_PROTOTYPES = YES;
				CLANG_WARN_SUSPICIOUS_MOVE = YES;
				CLANG_WARN_UNGUARDED_AVAILABILITY = YES_AGGRESSIVE;
				CLANG_WARN_UNREACHABLE_CODE = YES;
				CLANG_WARN__DUPLICATE_METHOD_MATCH = YES;
				COPY_PHASE_STRIP = NO;
				DEBUG_INFORMATION_FORMAT = "dwarf-with-dsym";
				ENABLE_NS_ASSERTIONS = NO;
				ENABLE_STRICT_OBJC_MSGSEND = YES;
				GCC_C_LANGUAGE_STANDARD = gnu11;
				GCC_NO_COMMON_BLOCKS = YES;
				GCC_WARN_64_TO_32_BIT_CONVERSION = YES;
				GCC_WARN_ABOUT_RETURN_TYPE = YES_ERROR;
				GCC_WARN_UNDECLARED_SELECTOR = YES;
				GCC_WARN_UNINITIALIZED_AUTOS = YES_AGGRESSIVE;
				GCC_WARN_UNUSED_FUNCTION = YES;
				GCC_WARN_UNUSED_VARIABLE = YES;
				IPHONEOS_DEPLOYMENT_TARGET = 13.2;
				MTL_ENABLE_DEBUG_INFO = NO;
				MTL_FAST_MATH = YES;
				SDKROOT = iphoneos;
				SWIFT_COMPILATION_MODE = wholemodule;
				SWIFT_OPTIMIZATION_LEVEL = "-O";
				VALIDATE_PRODUCT = YES;
			};
			name = Release;
		};
		29888BAE23EC877F00CCC99D /* Debug */ = {
			isa = XCBuildConfiguration;
			buildSettings = {
				ASSETCATALOG_COMPILER_APPICON_NAME = AppIcon;
				CODE_SIGN_STYLE = Automatic;
				DEVELOPMENT_TEAM = U774TM88M6;
				INFOPLIST_FILE = onboardingProject/Info.plist;
				LD_RUNPATH_SEARCH_PATHS = (
					"$(inherited)",
					"@executable_path/Frameworks",
				);
				PRODUCT_BUNDLE_IDENTIFIER = com.makeschool.onboardingProject;
				PRODUCT_NAME = "$(TARGET_NAME)";
				SWIFT_VERSION = 5.0;
				TARGETED_DEVICE_FAMILY = "1,2";
			};
			name = Debug;
		};
		29888BAF23EC877F00CCC99D /* Release */ = {
			isa = XCBuildConfiguration;
			buildSettings = {
				ASSETCATALOG_COMPILER_APPICON_NAME = AppIcon;
				CODE_SIGN_STYLE = Automatic;
				DEVELOPMENT_TEAM = U774TM88M6;
				INFOPLIST_FILE = onboardingProject/Info.plist;
				LD_RUNPATH_SEARCH_PATHS = (
					"$(inherited)",
					"@executable_path/Frameworks",
				);
				PRODUCT_BUNDLE_IDENTIFIER = com.makeschool.onboardingProject;
				PRODUCT_NAME = "$(TARGET_NAME)";
				SWIFT_VERSION = 5.0;
				TARGETED_DEVICE_FAMILY = "1,2";
			};
			name = Release;
		};
/* End XCBuildConfiguration section */

/* Begin XCConfigurationList section */
		29888B9423EC877D00CCC99D /* Build configuration list for PBXProject "onboardingProject" */ = {
			isa = XCConfigurationList;
			buildConfigurations = (
				29888BAB23EC877F00CCC99D /* Debug */,
				29888BAC23EC877F00CCC99D /* Release */,
			);
			defaultConfigurationIsVisible = 0;
			defaultConfigurationName = Release;
		};
		29888BAD23EC877F00CCC99D /* Build configuration list for PBXNativeTarget "onboardingProject" */ = {
			isa = XCConfigurationList;
			buildConfigurations = (
				29888BAE23EC877F00CCC99D /* Debug */,
				29888BAF23EC877F00CCC99D /* Release */,
			);
			defaultConfigurationIsVisible = 0;
			defaultConfigurationName = Release;
		};
/* End XCConfigurationList section */
	};
	rootObject = 29888B9123EC877D00CCC99D /* Project object */;
}
